Microsoft Visual Studio Solution File, Format Version 12.00
# Visual Studio 14
VisualStudioVersion = 14.0.25123.0
MinimumVisualStudioVersion = 10.0.40219.1
Project("{FAE04EC0-301F-11D3-BF4B-00C04F79EFBC}") = "Engage", "Engage.csproj", "{96FD9FD0-9F9B-11E6-8E21-219175A3E46B}"
EndProject
Project("{FAE04EC0-301F-11D3-BF4B-00C04F79EFBC}") = "Engage.Tests", "Engage.Tests\Engage.Tests.csproj", "{96FD9FD1-9F9B-11E6-8E21-219175A3E46B}"
EndProject
Project("{2150E333-8FDC-42A3-9474-1A3956D46DE8}") = ".nuget", ".nuget", "{8ACBCD7D-F1FD-4292-B992-DC17A24E7CB7}"
	ProjectSection(SolutionItems) = preProject
		.nuget\nuget.config = .nuget\nuget.config
	EndProjectSection
EndProject
Global
	GlobalSection(SolutionConfigurationPlatforms) = preSolution
		Debug|Any CPU = Debug|Any CPU
		Release|Any CPU = Release|Any CPU
	EndGlobalSection
	GlobalSection(ProjectConfigurationPlatforms) = postSolution
		{96FD9FD0-9F9B-11E6-8E21-219175A3E46B}.Debug|Any CPU.ActiveCfg = Debug|Any CPU
		{96FD9FD0-9F9B-11E6-8E21-219175A3E46B}.Debug|Any CPU.Build.0 = Debug|Any CPU
		{96FD9FD0-9F9B-11E6-8E21-219175A3E46B}.Release|Any CPU.ActiveCfg = Release|Any CPU
		{96FD9FD0-9F9B-11E6-8E21-219175A3E46B}.Release|Any CPU.Build.0 = Release|Any CPU
		{96FD9FD1-9F9B-11E6-8E21-219175A3E46B}.Debug|Any CPU.ActiveCfg = Debug|Any CPU
		{96FD9FD1-9F9B-11E6-8E21-219175A3E46B}.Debug|Any CPU.Build.0 = Debug|Any CPU
		{96FD9FD1-9F9B-11E6-8E21-219175A3E46B}.Release|Any CPU.ActiveCfg = Release|Any CPU
		{96FD9FD1-9F9B-11E6-8E21-219175A3E46B}.Release|Any CPU.Build.0 = Release|Any CPU
	EndGlobalSection
	GlobalSection(SolutionProperties) = preSolution
		HideSolutionNode = FALSE
	EndGlobalSection
EndGlobal
